
Microsoft Visual Studio Solution File, Format Version 12.00
# Visual Studio Version 17
VisualStudioVersion = 17.12.35527.113
MinimumVisualStudioVersion = 10.0.40219.1
Project("{2150E333-8FDC-42A3-9474-1A3956D46DE8}") = "src", "src", "{60662102-4523-441E-8D6C-D87A3246C648}"
EndProject
Project("{2150E333-8FDC-42A3-9474-1A3956D46DE8}") = "tests", "tests", "{BDAFF1CB-8E53-412B-B389-42A15343C7A3}"
EndProject
Project("{FAE04EC0-301F-11D3-BF4B-00C04F79EFBC}") = "RandomMemory", "src\RandomMemory\RandomMemory.csproj", "{2648877C-862D-4A05-B30B-73FBC1958BFE}"
EndProject
Project("{FAE04EC0-301F-11D3-BF4B-00C04F79EFBC}") = "RandomMemory.SourceGenerator", "src\RandomMemory.SourceGenerator\RandomMemory.SourceGenerator.csproj", "{F6DB1D63-1817-4B79-A76A-580ABF1D8374}"
EndProject
Global
	GlobalSection(SolutionConfigurationPlatforms) = preSolution
		Debug|Any CPU = Debug|Any CPU
		Release|Any CPU = Release|Any CPU
	EndGlobalSection
	GlobalSection(ProjectConfigurationPlatforms) = postSolution
		{2648877C-862D-4A05-B30B-73FBC1958BFE}.Debug|Any CPU.ActiveCfg = Debug|Any CPU
		{2648877C-862D-4A05-B30B-73FBC1958BFE}.Debug|Any CPU.Build.0 = Debug|Any CPU
		{2648877C-862D-4A05-B30B-73FBC1958BFE}.Release|Any CPU.ActiveCfg = Release|Any CPU
		{2648877C-862D-4A05-B30B-73FBC1958BFE}.Release|Any CPU.Build.0 = Release|Any CPU
		{F6DB1D63-1817-4B79-A76A-580ABF1D8374}.Debug|Any CPU.ActiveCfg = Debug|Any CPU
		{F6DB1D63-1817-4B79-A76A-580ABF1D8374}.Debug|Any CPU.Build.0 = Debug|Any CPU
		{F6DB1D63-1817-4B79-A76A-580ABF1D8374}.Release|Any CPU.ActiveCfg = Release|Any CPU
		{F6DB1D63-1817-4B79-A76A-580ABF1D8374}.Release|Any CPU.Build.0 = Release|Any CPU
	EndGlobalSection
	GlobalSection(SolutionProperties) = preSolution
		HideSolutionNode = FALSE
	EndGlobalSection
	GlobalSection(NestedProjects) = preSolution
		{2648877C-862D-4A05-B30B-73FBC1958BFE} = {60662102-4523-441E-8D6C-D87A3246C648}
		{F6DB1D63-1817-4B79-A76A-580ABF1D8374} = {60662102-4523-441E-8D6C-D87A3246C648}
	EndGlobalSection
	GlobalSection(ExtensibilityGlobals) = postSolution
		SolutionGuid = {0121A3C4-6AE0-4622-BE04-05D9A3E729AC}
	EndGlobalSection
EndGlobal
